
Microsoft Visual Studio Solution File, Format Version 12.00
# Visual Studio Version 16
VisualStudioVersion = 16.0.30503.244
MinimumVisualStudioVersion = 10.0.40219.1
Project("{FAE04EC0-301F-11D3-BF4B-00C04F79EFBC}") = "Questao1", "Questao1\Questao1.csproj", "{0F197DA3-35C8-432C-B181-02B769E12C67}"
EndProject
Global
	GlobalSection(SolutionConfigurationPlatforms) = preSolution
		Debug|Any CPU = Debug|Any CPU
		Release|Any CPU = Release|Any CPU
	EndGlobalSection
	GlobalSection(ProjectConfigurationPlatforms) = postSolution
		{0F197DA3-35C8-432C-B181-02B769E12C67}.Debug|Any CPU.ActiveCfg = Debug|Any CPU
		{0F197DA3-35C8-432C-B181-02B769E12C67}.Debug|Any CPU.Build.0 = Debug|Any CPU
		{0F197DA3-35C8-432C-B181-02B769E12C67}.Release|Any CPU.ActiveCfg = Release|Any CPU
		{0F197DA3-35C8-432C-B181-02B769E12C67}.Release|Any CPU.Build.0 = Release|Any CPU
	EndGlobalSection
	GlobalSection(SolutionProperties) = preSolution
		HideSolutionNode = FALSE
	EndGlobalSection
	GlobalSection(ExtensibilityGlobals) = postSolution
		SolutionGuid = {ACCF5E09-0DE3-41CB-A9EE-4EBD43E56B24}
	EndGlobalSection
EndGlobal
